
Microsoft Visual Studio Solution File, Format Version 12.00
# Visual Studio Version 16
VisualStudioVersion = 16.0.29230.61
MinimumVisualStudioVersion = 15.0.26124.0
Project("{9A19103F-16F7-4668-BE54-9A1E7A4F7556}") = "Prism", "Prism\Prism.csproj", "{9E31F2D4-92DD-4964-8254-8E1081E5E01D}"
EndProject
Project("{2150E333-8FDC-42A3-9474-1A3956D46DE8}") = "Core", "Core", "{BE0BE894-5A15-4A02-ACC6-9E4762C30B10}"
EndProject
Project("{9A19103F-16F7-4668-BE54-9A1E7A4F7556}") = "Prism.Tests", "Prism.Tests\Prism.Tests.csproj", "{3578F6F7-6FE8-4B32-BECE-7A1BF95CC194}"
EndProject
Project("{FAE04EC0-301F-11D3-BF4B-00C04F79EFBC}") = "Prism.Uwp", "Uwp\Prism.Uwp\Prism.Uwp.csproj", "{EF4E2E0A-B104-4019-BC96-A8CB7ED6D542}"
EndProject
Project("{FAE04EC0-301F-11D3-BF4B-00C04F79EFBC}") = "Prism.Uwp.Unity", "Uwp\Prism.Uwp.Unity\Prism.Uwp.Unity.csproj", "{1325096C-0591-4ED9-B2FA-006BDFCFCD82}"
EndProject
Global
	GlobalSection(SolutionConfigurationPlatforms) = preSolution
		Debug|Any CPU = Debug|Any CPU
		Debug|ARM = Debug|ARM
		Debug|ARM64 = Debug|ARM64
		Debug|x64 = Debug|x64
		Debug|x86 = Debug|x86
		Release|Any CPU = Release|Any CPU
		Release|ARM = Release|ARM
		Release|ARM64 = Release|ARM64
		Release|x64 = Release|x64
		Release|x86 = Release|x86
	EndGlobalSection
	GlobalSection(ProjectConfigurationPlatforms) = postSolution
		{9E31F2D4-92DD-4964-8254-8E1081E5E01D}.Debug|Any CPU.ActiveCfg = Debug|Any CPU
		{9E31F2D4-92DD-4964-8254-8E1081E5E01D}.Debug|Any CPU.Build.0 = Debug|Any CPU
		{9E31F2D4-92DD-4964-8254-8E1081E5E01D}.Debug|ARM.ActiveCfg = Debug|Any CPU
		{9E31F2D4-92DD-4964-8254-8E1081E5E01D}.Debug|ARM.Build.0 = Debug|Any CPU
		{9E31F2D4-92DD-4964-8254-8E1081E5E01D}.Debug|ARM64.ActiveCfg = Debug|Any CPU
		{9E31F2D4-92DD-4964-8254-8E1081E5E01D}.Debug|ARM64.Build.0 = Debug|Any CPU
		{9E31F2D4-92DD-4964-8254-8E1081E5E01D}.Debug|x64.ActiveCfg = Debug|Any CPU
		{9E31F2D4-92DD-4964-8254-8E1081E5E01D}.Debug|x64.Build.0 = Debug|Any CPU
		{9E31F2D4-92DD-4964-8254-8E1081E5E01D}.Debug|x86.ActiveCfg = Debug|Any CPU
		{9E31F2D4-92DD-4964-8254-8E1081E5E01D}.Debug|x86.Build.0 = Debug|Any CPU
		{9E31F2D4-92DD-4964-8254-8E1081E5E01D}.Release|Any CPU.ActiveCfg = Release|Any CPU
		{9E31F2D4-92DD-4964-8254-8E1081E5E01D}.Release|Any CPU.Build.0 = Release|Any CPU
		{9E31F2D4-92DD-4964-8254-8E1081E5E01D}.Release|ARM.ActiveCfg = Release|Any CPU
		{9E31F2D4-92DD-4964-8254-8E1081E5E01D}.Release|ARM.Build.0 = Release|Any CPU
		{9E31F2D4-92DD-4964-8254-8E1081E5E01D}.Release|ARM64.ActiveCfg = Release|Any CPU
		{9E31F2D4-92DD-4964-8254-8E1081E5E01D}.Release|ARM64.Build.0 = Release|Any CPU
		{9E31F2D4-92DD-4964-8254-8E1081E5E01D}.Release|x64.ActiveCfg = Release|Any CPU
		{9E31F2D4-92DD-4964-8254-8E1081E5E01D}.Release|x64.Build.0 = Release|Any CPU
		{9E31F2D4-92DD-4964-8254-8E1081E5E01D}.Release|x86.ActiveCfg = Release|Any CPU
		{9E31F2D4-92DD-4964-8254-8E1081E5E01D}.Release|x86.Build.0 = Release|Any CPU
		{3578F6F7-6FE8-4B32-BECE-7A1BF95CC194}.Debug|Any CPU.ActiveCfg = Debug|Any CPU
		{3578F6F7-6FE8-4B32-BECE-7A1BF95CC194}.Debug|Any CPU.Build.0 = Debug|Any CPU
		{3578F6F7-6FE8-4B32-BECE-7A1BF95CC194}.Debug|ARM.ActiveCfg = Debug|Any CPU
		{3578F6F7-6FE8-4B32-BECE-7A1BF95CC194}.Debug|ARM.Build.0 = Debug|Any CPU
		{3578F6F7-6FE8-4B32-BECE-7A1BF95CC194}.Debug|ARM64.ActiveCfg = Debug|Any CPU
		{3578F6F7-6FE8-4B32-BECE-7A1BF95CC194}.Debug|ARM64.Build.0 = Debug|Any CPU
		{3578F6F7-6FE8-4B32-BECE-7A1BF95CC194}.Debug|x64.ActiveCfg = Debug|Any CPU
		{3578F6F7-6FE8-4B32-BECE-7A1BF95CC194}.Debug|x64.Build.0 = Debug|Any CPU
		{3578F6F7-6FE8-4B32-BECE-7A1BF95CC194}.Debug|x86.ActiveCfg = Debug|Any CPU
		{3578F6F7-6FE8-4B32-BECE-7A1BF95CC194}.Debug|x86.Build.0 = Debug|Any CPU
		{3578F6F7-6FE8-4B32-BECE-7A1BF95CC194}.Release|Any CPU.ActiveCfg = Release|Any CPU
		{3578F6F7-6FE8-4B32-BECE-7A1BF95CC194}.Release|Any CPU.Build.0 = Release|Any CPU
		{3578F6F7-6FE8-4B32-BECE-7A1BF95CC194}.Release|ARM.ActiveCfg = Release|Any CPU
		{3578F6F7-6FE8-4B32-BECE-7A1BF95CC194}.Release|ARM.Build.0 = Release|Any CPU
		{3578F6F7-6FE8-4B32-BECE-7A1BF95CC194}.Release|ARM64.ActiveCfg = Release|Any CPU
		{3578F6F7-6FE8-4B32-BECE-7A1BF95CC194}.Release|ARM64.Build.0 = Release|Any CPU
		{3578F6F7-6FE8-4B32-BECE-7A1BF95CC194}.Release|x64.ActiveCfg = Release|Any CPU
		{3578F6F7-6FE8-4B32-BECE-7A1BF95CC194}.Release|x64.Build.0 = Release|Any CPU
		{3578F6F7-6FE8-4B32-BECE-7A1BF95CC194}.Release|x86.ActiveCfg = Release|Any CPU
		{3578F6F7-6FE8-4B32-BECE-7A1BF95CC194}.Release|x86.Build.0 = Release|Any CPU
		{EF4E2E0A-B104-4019-BC96-A8CB7ED6D542}.Debug|Any CPU.ActiveCfg = Debug|Any CPU
		{EF4E2E0A-B104-4019-BC96-A8CB7ED6D542}.Debug|Any CPU.Build.0 = Debug|Any CPU
		{EF4E2E0A-B104-4019-BC96-A8CB7ED6D542}.Debug|ARM.ActiveCfg = Debug|Any CPU
		{EF4E2E0A-B104-4019-BC96-A8CB7ED6D542}.Debug|ARM.Build.0 = Debug|Any CPU
		{EF4E2E0A-B104-4019-BC96-A8CB7ED6D542}.Debug|ARM64.ActiveCfg = Debug|Any CPU
		{EF4E2E0A-B104-4019-BC96-A8CB7ED6D542}.Debug|ARM64.Build.0 = Debug|Any CPU
		{EF4E2E0A-B104-4019-BC96-A8CB7ED6D542}.Debug|x64.ActiveCfg = Debug|Any CPU
		{EF4E2E0A-B104-4019-BC96-A8CB7ED6D542}.Debug|x64.Build.0 = Debug|Any CPU
		{EF4E2E0A-B104-4019-BC96-A8CB7ED6D542}.Debug|x86.ActiveCfg = Debug|Any CPU
		{EF4E2E0A-B104-4019-BC96-A8CB7ED6D542}.Debug|x86.Build.0 = Debug|Any CPU
		{EF4E2E0A-B104-4019-BC96-A8CB7ED6D542}.Release|Any CPU.ActiveCfg = Release|Any CPU
		{EF4E2E0A-B104-4019-BC96-A8CB7ED6D542}.Release|Any CPU.Build.0 = Release|Any CPU
		{EF4E2E0A-B104-4019-BC96-A8CB7ED6D542}.Release|ARM.ActiveCfg = Release|Any CPU
		{EF4E2E0A-B104-4019-BC96-A8CB7ED6D542}.Release|ARM.Build.0 = Release|Any CPU
		{EF4E2E0A-B104-4019-BC96-A8CB7ED6D542}.Release|ARM64.ActiveCfg = Release|Any CPU
		{EF4E2E0A-B104-4019-BC96-A8CB7ED6D542}.Release|ARM64.Build.0 = Release|Any CPU
		{EF4E2E0A-B104-4019-BC96-A8CB7ED6D542}.Release|x64.ActiveCfg = Release|Any CPU
		{EF4E2E0A-B104-4019-BC96-A8CB7ED6D542}.Release|x64.Build.0 = Release|Any CPU
		{EF4E2E0A-B104-4019-BC96-A8CB7ED6D542}.Release|x86.ActiveCfg = Release|Any CPU
		{EF4E2E0A-B104-4019-BC96-A8CB7ED6D542}.Release|x86.Build.0 = Release|Any CPU
		{1325096C-0591-4ED9-B2FA-006BDFCFCD82}.Debug|Any CPU.ActiveCfg = Debug|Any CPU
		{1325096C-0591-4ED9-B2FA-006BDFCFCD82}.Debug|Any CPU.Build.0 = Debug|Any CPU
		{1325096C-0591-4ED9-B2FA-006BDFCFCD82}.Debug|ARM.ActiveCfg = Debug|Any CPU
		{1325096C-0591-4ED9-B2FA-006BDFCFCD82}.Debug|ARM.Build.0 = Debug|Any CPU
		{1325096C-0591-4ED9-B2FA-006BDFCFCD82}.Debug|ARM64.ActiveCfg = Debug|Any CPU
		{1325096C-0591-4ED9-B2FA-006BDFCFCD82}.Debug|ARM64.Build.0 = Debug|Any CPU
		{1325096C-0591-4ED9-B2FA-006BDFCFCD82}.Debug|x64.ActiveCfg = Debug|Any CPU
		{1325096C-0591-4ED9-B2FA-006BDFCFCD82}.Debug|x64.Build.0 = Debug|Any CPU
		{1325096C-0591-4ED9-B2FA-006BDFCFCD82}.Debug|x86.ActiveCfg = Debug|Any CPU
		{1325096C-0591-4ED9-B2FA-006BDFCFCD82}.Debug|x86.Build.0 = Debug|Any CPU
		{1325096C-0591-4ED9-B2FA-006BDFCFCD82}.Release|Any CPU.ActiveCfg = Release|Any CPU
		{1325096C-0591-4ED9-B2FA-006BDFCFCD82}.Release|Any CPU.Build.0 = Release|Any CPU
		{1325096C-0591-4ED9-B2FA-006BDFCFCD82}.Release|ARM.ActiveCfg = Release|Any CPU
		{1325096C-0591-4ED9-B2FA-006BDFCFCD82}.Release|ARM.Build.0 = Release|Any CPU
		{1325096C-0591-4ED9-B2FA-006BDFCFCD82}.Release|ARM64.ActiveCfg = Release|Any CPU
		{1325096C-0591-4ED9-B2FA-006BDFCFCD82}.Release|ARM64.Build.0 = Release|Any CPU
		{1325096C-0591-4ED9-B2FA-006BDFCFCD82}.Release|x64.ActiveCfg = Release|Any CPU
		{1325096C-0591-4ED9-B2FA-006BDFCFCD82}.Release|x64.Build.0 = Release|Any CPU
		{1325096C-0591-4ED9-B2FA-006BDFCFCD82}.Release|x86.ActiveCfg = Release|Any CPU
		{1325096C-0591-4ED9-B2FA-006BDFCFCD82}.Release|x86.Build.0 = Release|Any CPU
	EndGlobalSection
	GlobalSection(SolutionProperties) = preSolution
		HideSolutionNode = FALSE
	EndGlobalSection
	GlobalSection(NestedProjects) = preSolution
		{9E31F2D4-92DD-4964-8254-8E1081E5E01D} = {BE0BE894-5A15-4A02-ACC6-9E4762C30B10}
		{3578F6F7-6FE8-4B32-BECE-7A1BF95CC194} = {BE0BE894-5A15-4A02-ACC6-9E4762C30B10}
	EndGlobalSection
	GlobalSection(ExtensibilityGlobals) = postSolution
		SolutionGuid = {4C50A1D7-693C-4E3B-8DB5-D954AAE99C88}
	EndGlobalSection
EndGlobal
